PODS:
  - AFNetworking (3.1.0):
    - AFNetworking/NSURLSession (= 3.1.0)
    - AFNetworking/Reachability (= 3.1.0)
    - AFNetworking/Security (= 3.1.0)
    - AFNetworking/Serialization (= 3.1.0)
    - AFNetworking/UIKit (= 3.1.0)
  - AFNetworking/NSURLSession (3.1.0):
    - AFNetworking/Reachability
    - AFNetworking/Security
    - AFNetworking/Serialization
  - AFNetworking/Reachability (3.1.0)
  - AFNetworking/Security (3.1.0)
  - AFNetworking/Serialization (3.1.0)
  - AFNetworking/UIKit (3.1.0):
    - AFNetworking/NSURLSession
  - Bugly (2.4.8)
  - DJI-SDK-iOS (4.3.2)
  - IQKeyboardManager (4.0.13)
  - MBProgressHUD (1.0.0)
  - MJExtension (3.0.13)
  - MJRefresh (3.1.15)
  - Reachability (3.2)
  - SDWebImage (4.2.1):
    - SDWebImage/Core (= 4.2.1)
  - SDWebImage/Core (4.2.1)
  - SocketRocket (0.5.1)

DEPENDENCIES:
  - AFNetworking (~> 3.1.0)
  - Bugly
  - DJI-SDK-iOS
  - IQKeyboardManager (~> 4.0.13)
  - MBProgressHUD (~> 1.0.0)
  - MJExtension (~> 3.0.13)
  - MJRefresh (~> 3.1.15)
  - Reachability (~> 3.2)
  - SDWebImage (~> 4.2.1)
  - SocketRocket

SPEC REPOS:
  https://github.com/cocoapods/specs.git:
    - AFNetworking
    - Bugly
    - DJI-SDK-iOS
    - IQKeyboardManager
    - MBProgressHUD
    - MJExtension
    - MJRefresh
    - Reachability
    - SDWebImage
    - SocketRocket

SPEC CHECKSUMS:
  AFNetworking: 5e0e199f73d8626b11e79750991f5d173d1f8b67
  Bugly: da3c02408c14838d498429320545a8e439392978
  DJI-SDK-iOS: 56c6ae117f754214561d1aca1255c0aeaaa421a9
  IQKeyboardManager: 8eab4d8111418414619d1df8e4779ce5d0f8d7e2
  MBProgressHUD: 4890f671c94e8a0f3cf959aa731e9de2f036d71a
  MJExtension: 5932755f451458eefa24239358817f8d291240c7
  MJRefresh: 9af70f5f9327a2cf87f0fb5929f35fcc2fa638ea
  Reachability: 33e18b67625424e47b6cde6d202dce689ad7af96
  SDWebImage: 1fa4c9edf525b744f002db89f3f5a38b3cd4c541
  SocketRocket: d57c7159b83c3c6655745cd15302aa24b6bae531

PODFILE CHECKSUM: 709781c29c1206a7c5b9ba64683af1b5aed6e39f

COCOAPODS: 1.5.3
